{
  "object": {
    "pins": [
      {
        "package": "MetalLibraryArchive",
        "repositoryURL": "https://github.com/YuAo/MetalLibraryArchive.git",
        "state": {
          "branch": null,
          "revision": "82abc048ae6b8ab8c8dbfc887ccfdcadcb932399",
          "version": "0.0.6"
        }
      }
    ]
  },
  "version": 1
}
