{
  "object": {
    "pins": [
      {
        "package": "MetalLibraryArchive",
        "repositoryURL": "https://github.com/YuAo/MetalLibraryArchive.git",
        "state": {
          "branch": null,
          "revision": "de573ba4a7b986bbecb3e4ce2464945d266a28e9",
          "version": "0.0.7"
        }
      }
    ]
  },
  "version": 1
}
